
Microsoft Visual Studio Solution File, Format Version 12.00
# Visual Studio 14
VisualStudioVersion = 14.0.23107.0
MinimumVisualStudioVersion = 10.0.40219.1
Project("{8BC9CEB8-8B4A-11D0-8D11-00A0C91BC942}") = "DarkTerrainDBPro", "dbpro\DarkTerrainDBPro.vcxproj", "{DC3D254B-0B9C-4272-B2DC-D0B06835D3A0}"
EndProject
Project("{8BC9CEB8-8B4A-11D0-8D11-00A0C91BC942}") = "DarkTerrainCore", "core\DarkTerrainCore.vcxproj", "{7C037D14-E008-475B-A729-5C4BEEB339C2}"
EndProject
Global
	GlobalSection(SolutionConfigurationPlatforms) = preSolution
		Debug|x64 = Debug|x64
		Debug|x86 = Debug|x86
		Release|x64 = Release|x64
		Release|x86 = Release|x86
	EndGlobalSection
	GlobalSection(ProjectConfigurationPlatforms) = postSolution
		{DC3D254B-0B9C-4272-B2DC-D0B06835D3A0}.Debug|x64.ActiveCfg = Debug|x64
		{DC3D254B-0B9C-4272-B2DC-D0B06835D3A0}.Debug|x64.Build.0 = Debug|x64
		{DC3D254B-0B9C-4272-B2DC-D0B06835D3A0}.Debug|x86.ActiveCfg = Debug|Win32
		{DC3D254B-0B9C-4272-B2DC-D0B06835D3A0}.Debug|x86.Build.0 = Debug|Win32
		{DC3D254B-0B9C-4272-B2DC-D0B06835D3A0}.Release|x64.ActiveCfg = Release|x64
		{DC3D254B-0B9C-4272-B2DC-D0B06835D3A0}.Release|x64.Build.0 = Release|x64
		{DC3D254B-0B9C-4272-B2DC-D0B06835D3A0}.Release|x86.ActiveCfg = Release|Win32
		{DC3D254B-0B9C-4272-B2DC-D0B06835D3A0}.Release|x86.Build.0 = Release|Win32
		{7C037D14-E008-475B-A729-5C4BEEB339C2}.Debug|x64.ActiveCfg = Debug|x64
		{7C037D14-E008-475B-A729-5C4BEEB339C2}.Debug|x64.Build.0 = Debug|x64
		{7C037D14-E008-475B-A729-5C4BEEB339C2}.Debug|x86.ActiveCfg = Debug|Win32
		{7C037D14-E008-475B-A729-5C4BEEB339C2}.Debug|x86.Build.0 = Debug|Win32
		{7C037D14-E008-475B-A729-5C4BEEB339C2}.Release|x64.ActiveCfg = Release|x64
		{7C037D14-E008-475B-A729-5C4BEEB339C2}.Release|x64.Build.0 = Release|x64
		{7C037D14-E008-475B-A729-5C4BEEB339C2}.Release|x86.ActiveCfg = Release|Win32
		{7C037D14-E008-475B-A729-5C4BEEB339C2}.Release|x86.Build.0 = Release|Win32
	EndGlobalSection
	GlobalSection(SolutionProperties) = preSolution
		HideSolutionNode = FALSE
	EndGlobalSection
EndGlobal
